
Microsoft Visual Studio Solution File, Format Version 12.00
# Visual Studio Version 17
VisualStudioVersion = 17.5.33424.131
MinimumVisualStudioVersion = 10.0.40219.1
Project("{FAE04EC0-301F-11D3-BF4B-00C04F79EFBC}") = "WebApp", "WebApp.csproj", "{D7B8EA32-D6AB-4AFC-960D-2895B998308C}"
EndProject
Global
	GlobalSection(SolutionConfigurationPlatforms) = preSolution
		Debug|Any CPU = Debug|Any CPU
		Release|Any CPU = Release|Any CPU
	EndGlobalSection
	GlobalSection(ProjectConfigurationPlatforms) = postSolution
		{D7B8EA32-D6AB-4AFC-960D-2895B998308C}.Debug|Any CPU.ActiveCfg = Debug|Any CPU
		{D7B8EA32-D6AB-4AFC-960D-2895B998308C}.Debug|Any CPU.Build.0 = Debug|Any CPU
		{D7B8EA32-D6AB-4AFC-960D-2895B998308C}.Release|Any CPU.ActiveCfg = Release|Any CPU
		{D7B8EA32-D6AB-4AFC-960D-2895B998308C}.Release|Any CPU.Build.0 = Release|Any CPU
	EndGlobalSection
	GlobalSection(SolutionProperties) = preSolution
		HideSolutionNode = FALSE
	EndGlobalSection
	GlobalSection(ExtensibilityGlobals) = postSolution
		SolutionGuid = {9B86AADA-FD0F-40A8-B3CF-2DEA7208B474}
	EndGlobalSection
EndGlobal
